
Microsoft Visual Studio Solution File, Format Version 12.00
# Visual Studio Version 17
VisualStudioVersion = 17.5.33627.172
MinimumVisualStudioVersion = 10.0.40219.1
Project("{FAE04EC0-301F-11D3-BF4B-00C04F79EFBC}") = "Consolegeddon", "Consolegeddon\Consolegeddon.csproj", "{DF407CEC-E755-4063-8B0F-1863F6A0A55A}"
EndProject
Global
	GlobalSection(SolutionConfigurationPlatforms) = preSolution
		Debug|Any CPU = Debug|Any CPU
		Release|Any CPU = Release|Any CPU
	EndGlobalSection
	GlobalSection(ProjectConfigurationPlatforms) = postSolution
		{DF407CEC-E755-4063-8B0F-1863F6A0A55A}.Debug|Any CPU.ActiveCfg = Debug|Any CPU
		{DF407CEC-E755-4063-8B0F-1863F6A0A55A}.Debug|Any CPU.Build.0 = Debug|Any CPU
		{DF407CEC-E755-4063-8B0F-1863F6A0A55A}.Release|Any CPU.ActiveCfg = Release|Any CPU
		{DF407CEC-E755-4063-8B0F-1863F6A0A55A}.Release|Any CPU.Build.0 = Release|Any CPU
	EndGlobalSection
	GlobalSection(SolutionProperties) = preSolution
		HideSolutionNode = FALSE
	EndGlobalSection
	GlobalSection(ExtensibilityGlobals) = postSolution
		SolutionGuid = {7E764E1C-161A-4FEA-B029-0F075A7FD5A4}
	EndGlobalSection
EndGlobal
